# THIS IS AN AUTOGENERATED FILE. DO NOT EDIT THIS FILE DIRECTLY.
# yarn lockfile v1


react-lazyload@^2.6.5:
  version "2.6.5"
  resolved "https://registry.yarnpkg.com/react-lazyload/-/react-lazyload-2.6.5.tgz#7a5ac001f0f8aeddc10c30e4ce318c10f13aa723"
  integrity sha512-C/juO9l7dGS7jEARBLjM3oG7F1lL5bqajz/55sk3GFc0Ippd9vnSkdRxdiaE6gf5si3YxIow8dSJ+YuB2D/3vg==
